
Microsoft Visual Studio Solution File, Format Version 12.00
# Visual Studio Version 16
VisualStudioVersion = 16.0.31515.178
MinimumVisualStudioVersion = 10.0.40219.1
Project("{FAE04EC0-301F-11D3-BF4B-00C04F79EFBC}") = "Oishi", "Oishi\Oishi.csproj", "{37E69BF5-0FA3-4950-A6AD-EB97D182AA73}"
EndProject
Global
	GlobalSection(SolutionConfigurationPlatforms) = preSolution
		Debug|Any CPU = Debug|Any CPU
		Release|Any CPU = Release|Any CPU
	EndGlobalSection
	GlobalSection(ProjectConfigurationPlatforms) = postSolution
		{37E69BF5-0FA3-4950-A6AD-EB97D182AA73}.Debug|Any CPU.ActiveCfg = Debug|Any CPU
		{37E69BF5-0FA3-4950-A6AD-EB97D182AA73}.Debug|Any CPU.Build.0 = Debug|Any CPU
		{37E69BF5-0FA3-4950-A6AD-EB97D182AA73}.Release|Any CPU.ActiveCfg = Release|Any CPU
		{37E69BF5-0FA3-4950-A6AD-EB97D182AA73}.Release|Any CPU.Build.0 = Release|Any CPU
	EndGlobalSection
	GlobalSection(SolutionProperties) = preSolution
		HideSolutionNode = FALSE
	EndGlobalSection
	GlobalSection(ExtensibilityGlobals) = postSolution
		SolutionGuid = {87F8ADAB-235D-4864-96A4-C15ADF455151}
	EndGlobalSection
EndGlobal
